{
  "name": "demo-httpheader",
  "version": "1.0.0",
  "lockfileVersion": 3,
  "requires": true,
  "packages": {
    "": {
      "name": "demo-httpheader",
      "version": "1.0.0",
      "license": "ISC",
      "dependencies": {
        "access-log": "^0.4.1"
      }
    },
    "node_modules/access-log": {
      "version": "0.4.1",
      "resolved": "https://registry.npmjs.org/access-log/-/access-log-0.4.1.tgz",
      "integrity": "sha512-vBJvTawbtYIIHvBndUn60n0quuBhf57gzAH/s1gLK/+g8RifmDyZE3Syaf/qTW/vVQ+sW3ad+chiSzrZn1P/yQ==",
      "dependencies": {
        "strftime": "~0.6.2"
      },
      "engines": {
        "node": "*"
      }
    },
    "node_modules/strftime": {
      "version": "0.6.2",
      "resolved": "https://registry.npmjs.org/strftime/-/strftime-0.6.2.tgz",
      "integrity": "sha512-mEzR2tqZLXra/X1Orxs91XfcW4/gwGKZ1c0FvGVqf81ei3rCNIjHx6ZSHtcJaL3OYUkhJe7P4+mYfadFH6o2QQ==",
      "engines": {
        "node": ">=0.2.0"
      }
    }
  }
}
